
Microsoft Visual Studio Solution File, Format Version 12.00
# Visual Studio Version 16
VisualStudioVersion = 25.0.1705.3
MinimumVisualStudioVersion = 10.0.40219.1
Project("{FAE04EC0-301F-11D3-BF4B-00C04F79EFBC}") = "EjercicioBanco-clases", "EjercicioBanco-clases\EjercicioBanco-clases.csproj", "{072DB322-396F-4312-B13F-D13E25F3ACB6}"
EndProject
Global
	GlobalSection(SolutionConfigurationPlatforms) = preSolution
		Debug|Any CPU = Debug|Any CPU
		Release|Any CPU = Release|Any CPU
	EndGlobalSection
	GlobalSection(ProjectConfigurationPlatforms) = postSolution
		{072DB322-396F-4312-B13F-D13E25F3ACB6}.Debug|Any CPU.ActiveCfg = Debug|Any CPU
		{072DB322-396F-4312-B13F-D13E25F3ACB6}.Debug|Any CPU.Build.0 = Debug|Any CPU
		{072DB322-396F-4312-B13F-D13E25F3ACB6}.Release|Any CPU.ActiveCfg = Release|Any CPU
		{072DB322-396F-4312-B13F-D13E25F3ACB6}.Release|Any CPU.Build.0 = Release|Any CPU
	EndGlobalSection
	GlobalSection(SolutionProperties) = preSolution
		HideSolutionNode = FALSE
	EndGlobalSection
	GlobalSection(ExtensibilityGlobals) = postSolution
		SolutionGuid = {252A5EA8-D7A3-46D9-A94F-537118B7366A}
	EndGlobalSection
EndGlobal
